{
    "_readme": [
        "This file locks the dependencies of your project to a known state",
        "Read more about it at http://getcomposer.org/doc/01-basic-usage.md#composer-lock-the-lock-file"
    ],
    "hash": "ed275706d9f98ae8d9840073da11adc0",
    "packages": [
        {
            "name": "evernote/evernote",
            "version": "dev-master",
            "source": {
                "type": "git",
                "url": "https://github.com/evernote/evernote-sdk-php.git",
                "reference": "47b20aed0aa4fd43ad294ff22003516fe9f90871"
            },
            "dist": {
                "type": "zip",
                "url": "https://api.github.com/repos/evernote/evernote-sdk-php/zipball/47b20aed0aa4fd43ad294ff22003516fe9f90871",
                "reference": "47b20aed0aa4fd43ad294ff22003516fe9f90871",
                "shasum": ""
            },
            "require": {
                "php": ">=5.3"
            },
            "type": "library",
            "autoload": {
                "classmap": [
                    "lib/"
                ]
            },
            "notification-url": "https://packagist.org/downloads/",
            "license": [
                "Apache"
            ],
            "authors": [
                {
                    "name": "Evernote and contributors",
                    "homepage": "https://github.com/evernote/evernote-sdk-php/contributors"
                }
            ],
            "description": "Evernote PHP SDK",
            "homepage": "https://github.com/evernote/evernote-sdk-php",
            "keywords": [
                "api",
                "evernote",
                "sdk"
            ],
            "time": "2014-04-10 19:54:13"
        }
    ],
    "packages-dev": [

    ],
    "aliases": [

    ],
    "minimum-stability": "stable",
    "stability-flags": {
        "evernote/evernote": 20
    },
    "platform": {
        "php": ">=5.3.2",
        "ext-mbstring": "*"
    },
    "platform-dev": [

    ]
}
